
Microsoft Visual Studio Solution File, Format Version 12.00
# Visual Studio 15
Project("{FAE04EC0-301F-11D3-BF4B-00C04F79EFBC}") = "Assembly-CSharp", "Assembly-CSharp.csproj", "{7C4DD3B3-C5D4-408B-A3A0-2DD8411BD444}"
EndProject
Project("{FAE04EC0-301F-11D3-BF4B-00C04F79EFBC}") = "Assembly-CSharp-Editor", "Assembly-CSharp-Editor.csproj", "{2993F917-DE32-3A6A-C318-E0EEAD594612}"
EndProject
Global
	GlobalSection(SolutionConfigurationPlatforms) = preSolution
		Debug|Any CPU = Debug|Any CPU
		Release|Any CPU = Release|Any CPU
	EndGlobalSection
	GlobalSection(ProjectConfigurationPlatforms) = postSolution
		{7C4DD3B3-C5D4-408B-A3A0-2DD8411BD444}.Debug|Any CPU.ActiveCfg = Debug|Any CPU
		{7C4DD3B3-C5D4-408B-A3A0-2DD8411BD444}.Debug|Any CPU.Build.0 = Debug|Any CPU
		{7C4DD3B3-C5D4-408B-A3A0-2DD8411BD444}.Release|Any CPU.ActiveCfg = Release|Any CPU
		{7C4DD3B3-C5D4-408B-A3A0-2DD8411BD444}.Release|Any CPU.Build.0 = Release|Any CPU
		{2993F917-DE32-3A6A-C318-E0EEAD594612}.Debug|Any CPU.ActiveCfg = Debug|Any CPU
		{2993F917-DE32-3A6A-C318-E0EEAD594612}.Debug|Any CPU.Build.0 = Debug|Any CPU
		{2993F917-DE32-3A6A-C318-E0EEAD594612}.Release|Any CPU.ActiveCfg = Release|Any CPU
		{2993F917-DE32-3A6A-C318-E0EEAD594612}.Release|Any CPU.Build.0 = Release|Any CPU
	EndGlobalSection
	GlobalSection(SolutionProperties) = preSolution
		HideSolutionNode = FALSE
	EndGlobalSection
EndGlobal
